{
  "version": 1,
  "dependencies": {
    "net10.0-windows7.0": {
      "DalamudPackager": {
        "type": "Direct",
        "requested": "[14.0.2, )",
        "resolved": "14.0.2",
        "contentHash": "dQJeq+8eyHzra4Cg5eZ/3LAeS3/UpvvLriYJGSncMK9LqJ7Q4B6jwcOsxo3PfxVd15xj+IzVFxkPqIBmPQu8/w=="
      },
      "DotNet.ReproducibleBuilds": {
        "type": "Direct",
        "requested": "[1.2.39, )",
        "resolved": "1.2.39",
        "contentHash": "fcFN01tDTIQqDuTwr1jUQK/geofiwjG5DycJQOnC72i1SsLAk1ELe+apBOuZ11UMQG8YKFZG1FgvjZPbqHyatg=="
      },
      "GTranslate": {
        "type": "Direct",
        "requested": "[2.3.0, )",
        "resolved": "2.3.0",
        "contentHash": "SI8DYX0kGwr9NfVX3Weao0RAi2UvTH1wgroF+x7uDAq28uZaN5p5Kc7qRRu02d8JVLprHNEh4IswCrGxZQG3aQ=="
      },
      "SearchPioneer.Lingua": {
        "type": "Direct",
        "requested": "[1.0.5, )",
        "resolved": "1.0.5",
        "contentHash": "aODACNE/HwAOofPHyJiCUdFvi42Sbxm6L8mY3AOs0APh4/bgdS8SU8tXfKmBznhO0fyEk/0LvIqeMevWEWpJRg=="
      }
    }
  }
}