{
  "version": 1,
  "dependencies": {
    "net8.0-windows7.0": {
      "DalamudPackager": {
        "type": "Direct",
        "requested": "[11.0.0, )",
        "resolved": "11.0.0",
        "contentHash": "bjT7XUlhIJSmsE/O76b7weUX+evvGQctbQB8aKXt94o+oPWxHpCepxAGMs7Thow3AzCyqWs7cOpp9/2wcgRRQA=="
      },
      "GTranslate": {
        "type": "Direct",
        "requested": "[2.2.8, )",
        "resolved": "2.2.8",
        "contentHash": "3ZrbcoAvE+xthllV1/8gPDg+VtHQ/IL7v/pQmx0nfL0sgk2I8pyq43YuQT/iN8xd0Y+i8N6fAPDKKUalzUvqyQ=="
      }
    }
  }
}